// !$*UTF8*$!
{
	archiveVersion = 1;
	classes = {
	};
	objectVersion = 46;
	objects = {

/* Begin PBXBuildFile section */
		730D7972146E051B0098A4D8 /* UIKit.framework in Frameworks */ = {isa = PBXBuildFile; fileRef = 730D7971146E051B0098A4D8 /* UIKit.framework */; };
		730D7974146E051B0098A4D8 /* Foundation.framework in Frameworks */ = {isa = PBXBuildFile; fileRef = 730D7973146E051B0098A4D8 /* Foundation.framework */; };
		730D7976146E051B0098A4D8 /* CoreGraphics.framework in Frameworks */ = {isa = PBXBuildFile; fileRef = 730D7975146E051B0098A4D8 /* CoreGraphics.framework */; };
		730D797C146E051B0098A4D8 /* InfoPlist.strings in Resources */ = {isa = PBXBuildFile; fileRef = 730D797A146E051B0098A4D8 /* InfoPlist.strings */; };
		730D797E146E051B0098A4D8 /* main.m in Sources */ = {isa = PBXBuildFile; fileRef = 730D797D146E051B0098A4D8 /* main.m */; };
		730D7982146E051B0098A4D8 /* KDAppDelegate.m in Sources */ = {isa = PBXBuildFile; fileRef = 730D7981146E051B0098A4D8 /* KDAppDelegate.m */; };
		730D798A146E051B0098A4D8 /* SenTestingKit.framework in Frameworks */ = {isa = PBXBuildFile; fileRef = 730D7989146E051B0098A4D8 /* SenTestingKit.framework */; };
		730D798B146E051B0098A4D8 /* UIKit.framework in Frameworks */ = {isa = PBXBuildFile; fileRef = 730D7971146E051B0098A4D8 /* UIKit.framework */; };
		730D798C146E051B0098A4D8 /* Foundation.framework in Frameworks */ = {isa = PBXBuildFile; fileRef = 730D7973146E051B0098A4D8 /* Foundation.framework */; };
		730D7994146E051B0098A4D8 /* InfoPlist.strings in Resources */ = {isa = PBXBuildFile; fileRef = 730D7992146E051B0098A4D8 /* InfoPlist.strings */; };
		730D7997146E051B0098A4D8 /* Test1Tests.m in Sources */ = {isa = PBXBuildFile; fileRef = 730D7996146E051B0098A4D8 /* Test1Tests.m */; };
/* End PBXBuildFile section */

/* Begin PBXContainerItemProxy section */
		730D798D146E051B0098A4D8 /* PBXContainerItemProxy */ = {
			isa = PBXContainerItemProxy;
			containerPortal = 730D7964146E051B0098A4D8 /* Project object */;
			proxyType = 1;
			remoteGlobalIDString = 730D796C146E051B0098A4D8;
			remoteInfo = Test1;
		};
/* End PBXContainerItemProxy section */

/* Begin PBXFileReference section */
		730D796D146E051B0098A4D8 /* Test1.app */ = {isa = PBXFileReference; explicitFileType = wrapper.application; includeInIndex = 0; path = Test1.app; sourceTree = BUILT_PRODUCTS_DIR; };
		730D7971146E051B0098A4D8 /* UIKit.framework */ = {isa = PBXFileReference; lastKnownFileType = wrapper.framework; name = UIKit.framework; path = System/Library/Frameworks/UIKit.framework; sourceTree = SDKROOT; };
		730D7973146E051B0098A4D8 /* Foundation.framework */ = {isa = PBXFileReference; lastKnownFileType = wrapper.framework; name = Foundation.framework; path = System/Library/Frameworks/Foundation.framework; sourceTree = SDKROOT; };
		730D7975146E051B0098A4D8 /* CoreGraphics.framework */ = {isa = PBXFileReference; lastKnownFileType = wrapper.framework; name = CoreGraphics.framework; path = System/Library/Frameworks/CoreGraphics.framework; sourceTree = SDKROOT; };
		730D7979146E051B0098A4D8 /* Test1-Info.plist */ = {isa = PBXFileReference; lastKnownFileType = text.plist.xml; path = "Test1-Info.plist"; sourceTree = "<group>"; };
		730D797B146E051B0098A4D8 /* en */ = {isa = PBXFileReference; lastKnownFileType = text.plist.strings; name = en; path = en.lproj/InfoPlist.strings; sourceTree = "<group>"; };
		730D797D146E051B0098A4D8 /* main.m */ = {isa = PBXFileReference; lastKnownFileType = sourcecode.c.objc; path = main.m; sourceTree = "<group>"; };
		730D797F146E051B0098A4D8 /* Test1-Prefix.pch */ = {isa = PBXFileReference; lastKnownFileType = sourcecode.c.h; path = "Test1-Prefix.pch"; sourceTree = "<group>"; };
		730D7980146E051B0098A4D8 /* KDAppDelegate.h */ = {isa = PBXFileReference; lastKnownFileType = sourcecode.c.h; path = KDAppDelegate.h; sourceTree = "<group>"; };
		730D7981146E051B0098A4D8 /* KDAppDelegate.m */ = {isa = PBXFileReference; lastKnownFileType = sourcecode.c.objc; path = KDAppDelegate.m; sourceTree = "<group>"; };
		730D7988146E051B0098A4D8 /* Test1Tests.octest */ = {isa = PBXFileReference; explicitFileType = wrapper.cfbundle; includeInIndex = 0; path = Test1Tests.octest; sourceTree = BUILT_PRODUCTS_DIR; };
		730D7989146E051B0098A4D8 /* SenTestingKit.framework */ = {isa = PBXFileReference; lastKnownFileType = wrapper.framework; name = SenTestingKit.framework; path = Library/Frameworks/SenTestingKit.framework; sourceTree = DEVELOPER_DIR; };
		730D7991146E051B0098A4D8 /* Test1Tests-Info.plist */ = {isa = PBXFileReference; lastKnownFileType = text.plist.xml; path = "Test1Tests-Info.plist"; sourceTree = "<group>"; };
		730D7993146E051B0098A4D8 /* en */ = {isa = PBXFileReference; lastKnownFileType = text.plist.strings; name = en; path = en.lproj/InfoPlist.strings; sourceTree = "<group>"; };
		730D7995146E051B0098A4D8 /* Test1Tests.h */ = {isa = PBXFileReference; lastKnownFileType = sourcecode.c.h; path = Test1Tests.h; sourceTree = "<group>"; };
		730D7996146E051B0098A4D8 /* Test1Tests.m */ = {isa = PBXFileReference; lastKnownFileType = sourcecode.c.objc; path = Test1Tests.m; sourceTree = "<group>"; };
/* End PBXFileReference section */

/* Begin PBXFrameworksBuildPhase section */
		730D796A146E051B0098A4D8 /* Frameworks */ = {
			isa = PBXFrameworksBuildPhase;
			buildActionMask = 2147483647;
			files = (
				730D7972146E051B0098A4D8 /* UIKit.framework in Frameworks */,
				730D7974146E051B0098A4D8 /* Foundation.framework in Frameworks */,
				730D7976146E051B0098A4D8 /* CoreGraphics.framework in Frameworks */,
			);
			runOnlyForDeploymentPostprocessing = 0;
		};
		730D7984146E051B0098A4D8 /* Frameworks */ = {
			isa = PBXFrameworksBuildPhase;
			buildActionMask = 2147483647;
			files = (
				730D798A146E051B0098A4D8 /* SenTestingKit.framework in Frameworks */,
				730D798B146E051B0098A4D8 /* UIKit.framework in Frameworks */,
				730D798C146E051B0098A4D8 /* Foundation.framework in Frameworks */,
			);
			runOnlyForDeploymentPostprocessing = 0;
		};
/* End PBXFrameworksBuildPhase section */

/* Begin PBXGroup section */
		730D7962146E051B0098A4D8 = {
			isa = PBXGroup;
			children = (
				730D7977146E051B0098A4D8 /* Test1 */,
				730D798F146E051B0098A4D8 /* Test1Tests */,
				730D7970146E051B0098A4D8 /* Frameworks */,
				730D796E146E051B0098A4D8 /* Products */,
			);
			sourceTree = "<group>";
		};
		730D796E146E051B0098A4D8 /* Products */ = {
			isa = PBXGroup;
			children = (
				730D796D146E051B0098A4D8 /* Test1.app */,
				730D7988146E051B0098A4D8 /* Test1Tests.octest */,
			);
			name = Products;
			sourceTree = "<group>";
		};
		730D7970146E051B0098A4D8 /* Frameworks */ = {
			isa = PBXGroup;
			children = (
				730D7971146E051B0098A4D8 /* UIKit.framework */,
				730D7973146E051B0098A4D8 /* Foundation.framework */,
				730D7975146E051B0098A4D8 /* CoreGraphics.framework */,
				730D7989146E051B0098A4D8 /* SenTestingKit.framework */,
			);
			name = Frameworks;
			sourceTree = "<group>";
		};
		730D7977146E051B0098A4D8 /* Test1 */ = {
			isa = PBXGroup;
			children = (
				730D7980146E051B0098A4D8 /* KDAppDelegate.h */,
				730D7981146E051B0098A4D8 /* KDAppDelegate.m */,
				730D7978146E051B0098A4D8 /* Supporting Files */,
			);
			path = Test1;
			sourceTree = "<group>";
		};
		730D7978146E051B0098A4D8 /* Supporting Files */ = {
			isa = PBXGroup;
			children = (
				730D7979146E051B0098A4D8 /* Test1-Info.plist */,
				730D797A146E051B0098A4D8 /* InfoPlist.strings */,
				730D797D146E051B0098A4D8 /* main.m */,
				730D797F146E051B0098A4D8 /* Test1-Prefix.pch */,
			);
			name = "Supporting Files";
			sourceTree = "<group>";
		};
		730D798F146E051B0098A4D8 /* Test1Tests */ = {
			isa = PBXGroup;
			children = (
				730D7995146E051B0098A4D8 /* Test1Tests.h */,
				730D7996146E051B0098A4D8 /* Test1Tests.m */,
				730D7990146E051B0098A4D8 /* Supporting Files */,
			);
			path = Test1Tests;
			sourceTree = "<group>";
		};
		730D7990146E051B0098A4D8 /* Supporting Files */ = {
			isa = PBXGroup;
			children = (
				730D7991146E051B0098A4D8 /* Test1Tests-Info.plist */,
				730D7992146E051B0098A4D8 /* InfoPlist.strings */,
			);
			name = "Supporting Files";
			sourceTree = "<group>";
		};
/* End PBXGroup section */

/* Begin PBXNativeTarget section */
		730D796C146E051B0098A4D8 /* Test1 */ = {
			isa = PBXNativeTarget;
			buildConfigurationList = 730D799A146E051B0098A4D8 /* Build configuration list for PBXNativeTarget "Test1" */;
			buildPhases = (
				730D7969146E051B0098A4D8 /* Sources */,
				730D796A146E051B0098A4D8 /* Frameworks */,
				730D796B146E051B0098A4D8 /* Resources */,
			);
			buildRules = (
			);
			dependencies = (
			);
			name = Test1;
			productName = Test1;
			productReference = 730D796D146E051B0098A4D8 /* Test1.app */;
			productType = "com.apple.product-type.application";
		};
		730D7987146E051B0098A4D8 /* Test1Tests */ = {
			isa = PBXNativeTarget;
			buildConfigurationList = 730D799D146E051B0098A4D8 /* Build configuration list for PBXNativeTarget "Test1Tests" */;
			buildPhases = (
				730D7983146E051B0098A4D8 /* Sources */,
				730D7984146E051B0098A4D8 /* Frameworks */,
				730D7985146E051B0098A4D8 /* Resources */,
				730D7986146E051B0098A4D8 /* ShellScript */,
			);
			buildRules = (
			);
			dependencies = (
				730D798E146E051B0098A4D8 /* PBXTargetDependency */,
			);
			name = Test1Tests;
			productName = Test1Tests;
			productReference = 730D7988146E051B0098A4D8 /* Test1Tests.octest */;
			productType = "com.apple.product-type.bundle";
		};
/* End PBXNativeTarget section */

/* Begin PBXProject section */
		730D7964146E051B0098A4D8 /* Project object */ = {
			isa = PBXProject;
			attributes = {
				LastUpgradeCheck = 0420;
				ORGANIZATIONNAME = UTFSM;
			};
			buildConfigurationList = 730D7967146E051B0098A4D8 /* Build configuration list for PBXProject "Test1" */;
			compatibilityVersion = "Xcode 3.2";
			developmentRegion = English;
			hasScannedForEncodings = 0;
			knownRegions = (
				en,
			);
			mainGroup = 730D7962146E051B0098A4D8;
			productRefGroup = 730D796E146E051B0098A4D8 /* Products */;
			projectDirPath = "";
			projectRoot = "";
			targets = (
				730D796C146E051B0098A4D8 /* Test1 */,
				730D7987146E051B0098A4D8 /* Test1Tests */,
			);
		};
/* End PBXProject section */

/* Begin PBXResourcesBuildPhase section */
		730D796B146E051B0098A4D8 /* Resources */ = {
			isa = PBXResourcesBuildPhase;
			buildActionMask = 2147483647;
			files = (
				730D797C146E051B0098A4D8 /* InfoPlist.strings in Resources */,
			);
			runOnlyForDeploymentPostprocessing = 0;
		};
		730D7985146E051B0098A4D8 /* Resources */ = {
			isa = PBXResourcesBuildPhase;
			buildActionMask = 2147483647;
			files = (
				730D7994146E051B0098A4D8 /* InfoPlist.strings in Resources */,
			);
			runOnlyForDeploymentPostprocessing = 0;
		};
/* End PBXResourcesBuildPhase section */

/* Begin PBXShellScriptBuildPhase section */
		730D7986146E051B0098A4D8 /* ShellScript */ = {
			isa = PBXShellScriptBuildPhase;
			buildActionMask = 2147483647;
			files = (
			);
			inputPaths = (
			);
			outputPaths = (
			);
			runOnlyForDeploymentPostprocessing = 0;
			shellPath = /bin/sh;
			shellScript = "# Run the unit tests in this test bundle.\n\"${SYSTEM_DEVELOPER_DIR}/Tools/RunUnitTests\"\n";
		};
/* End PBXShellScriptBuildPhase section */

/* Begin PBXSourcesBuildPhase section */
		730D7969146E051B0098A4D8 /* Sources */ = {
			isa = PBXSourcesBuildPhase;
			buildActionMask = 2147483647;
			files = (
				730D797E146E051B0098A4D8 /* main.m in Sources */,
				730D7982146E051B0098A4D8 /* KDAppDelegate.m in Sources */,
			);
			runOnlyForDeploymentPostprocessing = 0;
		};
		730D7983146E051B0098A4D8 /* Sources */ = {
			isa = PBXSourcesBuildPhase;
			buildActionMask = 2147483647;
			files = (
				730D7997146E051B0098A4D8 /* Test1Tests.m in Sources */,
			);
			runOnlyForDeploymentPostprocessing = 0;
		};
/* End PBXSourcesBuildPhase section */

/* Begin PBXTargetDependency section */
		730D798E146E051B0098A4D8 /* PBXTargetDependency */ = {
			isa = PBXTargetDependency;
			target = 730D796C146E051B0098A4D8 /* Test1 */;
			targetProxy = 730D798D146E051B0098A4D8 /* PBXContainerItemProxy */;
		};
/* End PBXTargetDependency section */

/* Begin PBXVariantGroup section */
		730D797A146E051B0098A4D8 /* InfoPlist.strings */ = {
			isa = PBXVariantGroup;
			children = (
				730D797B146E051B0098A4D8 /* en */,
			);
			name = InfoPlist.strings;
			sourceTree = "<group>";
		};
		730D7992146E051B0098A4D8 /* InfoPlist.strings */ = {
			isa = PBXVariantGroup;
			children = (
				730D7993146E051B0098A4D8 /* en */,
			);
			name = InfoPlist.strings;
			sourceTree = "<group>";
		};
/* End PBXVariantGroup section */

/* Begin XCBuildConfiguration section */
		730D7998146E051B0098A4D8 /* Debug */ = {
			isa = XCBuildConfiguration;
			buildSettings = {
				ALWAYS_SEARCH_USER_PATHS = NO;
				ARCHS = "$(ARCHS_STANDARD_32_BIT)";
				CLANG_ENABLE_OBJC_ARC = YES;
				"CODE_SIGN_IDENTITY[sdk=iphoneos*]" = "iPhone Developer";
				COPY_PHASE_STRIP = NO;
				GCC_C_LANGUAGE_STANDARD = gnu99;
				GCC_DYNAMIC_NO_PIC = NO;
				GCC_OPTIMIZATION_LEVEL = 0;
				GCC_PREPROCESSOR_DEFINITIONS = (
					"DEBUG=1",
					"$(inherited)",
				);
				GCC_SYMBOLS_PRIVATE_EXTERN = NO;
				GCC_VERSION = com.apple.compilers.llvm.clang.1_0;
				GCC_WARN_ABOUT_MISSING_PROTOTYPES = YES;
				GCC_WARN_ABOUT_RETURN_TYPE = YES;
				GCC_WARN_UNUSED_VARIABLE = YES;
				IPHONEOS_DEPLOYMENT_TARGET = 5.0;
				SDKROOT = iphoneos;
				TARGETED_DEVICE_FAMILY = "1,2";
			};
			name = Debug;
		};
		730D7999146E051B0098A4D8 /* Release */ = {
			isa = XCBuildConfiguration;
			buildSettings = {
				ALWAYS_SEARCH_USER_PATHS = NO;
				ARCHS = "$(ARCHS_STANDARD_32_BIT)";
				CLANG_ENABLE_OBJC_ARC = YES;
				"CODE_SIGN_IDENTITY[sdk=iphoneos*]" = "iPhone Developer";
				COPY_PHASE_STRIP = YES;
				GCC_C_LANGUAGE_STANDARD = gnu99;
				GCC_VERSION = com.apple.compilers.llvm.clang.1_0;
				GCC_WARN_ABOUT_MISSING_PROTOTYPES = YES;
				GCC_WARN_ABOUT_RETURN_TYPE = YES;
				GCC_WARN_UNUSED_VARIABLE = YES;
				IPHONEOS_DEPLOYMENT_TARGET = 5.0;
				OTHER_CFLAGS = "-DNS_BLOCK_ASSERTIONS=1";
				SDKROOT = iphoneos;
				TARGETED_DEVICE_FAMILY = "1,2";
				VALIDATE_PRODUCT = YES;
			};
			name = Release;
		};
		730D799B146E051B0098A4D8 /* Debug */ = {
			isa = XCBuildConfiguration;
			buildSettings = {
				GCC_PRECOMPILE_PREFIX_HEADER = YES;
				GCC_PREFIX_HEADER = "Test1/Test1-Prefix.pch";
				INFOPLIST_FILE = "Test1/Test1-Info.plist";
				PRODUCT_NAME = "$(TARGET_NAME)";
				WRAPPER_EXTENSION = app;
			};
			name = Debug;
		};
		730D799C146E051B0098A4D8 /* Release */ = {
			isa = XCBuildConfiguration;
			buildSettings = {
				GCC_PRECOMPILE_PREFIX_HEADER = YES;
				GCC_PREFIX_HEADER = "Test1/Test1-Prefix.pch";
				INFOPLIST_FILE = "Test1/Test1-Info.plist";
				PRODUCT_NAME = "$(TARGET_NAME)";
				WRAPPER_EXTENSION = app;
			};
			name = Release;
		};
		730D799E146E051B0098A4D8 /* Debug */ = {
			isa = XCBuildConfiguration;
			buildSettings = {
				BUNDLE_LOADER = "$(BUILT_PRODUCTS_DIR)/Test1.app/Test1";
				FRAMEWORK_SEARCH_PATHS = (
					"$(SDKROOT)/Developer/Library/Frameworks",
					"$(DEVELOPER_LIBRARY_DIR)/Frameworks",
				);
				GCC_PRECOMPILE_PREFIX_HEADER = YES;
				GCC_PREFIX_HEADER = "Test1/Test1-Prefix.pch";
				INFOPLIST_FILE = "Test1Tests/Test1Tests-Info.plist";
				PRODUCT_NAME = "$(TARGET_NAME)";
				TEST_HOST = "$(BUNDLE_LOADER)";
				WRAPPER_EXTENSION = octest;
			};
			name = Debug;
		};
		730D799F146E051B0098A4D8 /* Release */ = {
			isa = XCBuildConfiguration;
			buildSettings = {
				BUNDLE_LOADER = "$(BUILT_PRODUCTS_DIR)/Test1.app/Test1";
				FRAMEWORK_SEARCH_PATHS = (
					"$(SDKROOT)/Developer/Library/Frameworks",
					"$(DEVELOPER_LIBRARY_DIR)/Frameworks",
				);
				GCC_PRECOMPILE_PREFIX_HEADER = YES;
				GCC_PREFIX_HEADER = "Test1/Test1-Prefix.pch";
				INFOPLIST_FILE = "Test1Tests/Test1Tests-Info.plist";
				PRODUCT_NAME = "$(TARGET_NAME)";
				TEST_HOST = "$(BUNDLE_LOADER)";
				WRAPPER_EXTENSION = octest;
			};
			name = Release;
		};
/* End XCBuildConfiguration section */

/* Begin XCConfigurationList section */
		730D7967146E051B0098A4D8 /* Build configuration list for PBXProject "Test1" */ = {
			isa = XCConfigurationList;
			buildConfigurations = (
				730D7998146E051B0098A4D8 /* Debug */,
				730D7999146E051B0098A4D8 /* Release */,
			);
			defaultConfigurationIsVisible = 0;
			defaultConfigurationName = Release;
		};
		730D799A146E051B0098A4D8 /* Build configuration list for PBXNativeTarget "Test1" */ = {
			isa = XCConfigurationList;
			buildConfigurations = (
				730D799B146E051B0098A4D8 /* Debug */,
				730D799C146E051B0098A4D8 /* Release */,
			);
			defaultConfigurationIsVisible = 0;
		};
		730D799D146E051B0098A4D8 /* Build configuration list for PBXNativeTarget "Test1Tests" */ = {
			isa = XCConfigurationList;
			buildConfigurations = (
				730D799E146E051B0098A4D8 /* Debug */,
				730D799F146E051B0098A4D8 /* Release */,
			);
			defaultConfigurationIsVisible = 0;
		};
/* End XCConfigurationList section */
	};
	rootObject = 730D7964146E051B0098A4D8 /* Project object */;
}
